
Microsoft Visual Studio Solution File, Format Version 12.00
# Visual Studio 15
Project("{FAE04EC0-301F-11D3-BF4B-00C04F79EFBC}") = "Lab3.iOS", "Lab3.iOS\Lab3.iOS.csproj", "{545C9C84-06F0-46FC-87C6-33E271240656}"
EndProject
Project("{FAE04EC0-301F-11D3-BF4B-00C04F79EFBC}") = "Lab3", "Lab3\Lab3.csproj", "{E9D9E35E-C172-4EBF-AB38-5176A683C504}"
EndProject
Global
	GlobalSection(SolutionConfigurationPlatforms) = preSolution
		Debug|iPhoneSimulator = Debug|iPhoneSimulator
		Release|iPhoneSimulator = Release|iPhoneSimulator
		Debug|iPhone = Debug|iPhone
		Release|iPhone = Release|iPhone
		Ad-Hoc|iPhone = Ad-Hoc|iPhone
		AppStore|iPhone = AppStore|iPhone
		Debug|Any CPU = Debug|Any CPU
		Release|Any CPU = Release|Any CPU
	EndGlobalSection
	GlobalSection(ProjectConfigurationPlatforms) = postSolution
		{545C9C84-06F0-46FC-87C6-33E271240656}.Debug|iPhoneSimulator.ActiveCfg = Debug|iPhoneSimulator
		{545C9C84-06F0-46FC-87C6-33E271240656}.Debug|iPhoneSimulator.Build.0 = Debug|iPhoneSimulator
		{545C9C84-06F0-46FC-87C6-33E271240656}.Release|iPhoneSimulator.ActiveCfg = Release|iPhoneSimulator
		{545C9C84-06F0-46FC-87C6-33E271240656}.Release|iPhoneSimulator.Build.0 = Release|iPhoneSimulator
		{545C9C84-06F0-46FC-87C6-33E271240656}.Debug|iPhone.ActiveCfg = Debug|iPhone
		{545C9C84-06F0-46FC-87C6-33E271240656}.Debug|iPhone.Build.0 = Debug|iPhone
		{545C9C84-06F0-46FC-87C6-33E271240656}.Release|iPhone.ActiveCfg = Release|iPhone
		{545C9C84-06F0-46FC-87C6-33E271240656}.Release|iPhone.Build.0 = Release|iPhone
		{545C9C84-06F0-46FC-87C6-33E271240656}.Ad-Hoc|iPhone.ActiveCfg = Ad-Hoc|iPhone
		{545C9C84-06F0-46FC-87C6-33E271240656}.Ad-Hoc|iPhone.Build.0 = Ad-Hoc|iPhone
		{545C9C84-06F0-46FC-87C6-33E271240656}.AppStore|iPhone.ActiveCfg = AppStore|iPhone
		{545C9C84-06F0-46FC-87C6-33E271240656}.AppStore|iPhone.Build.0 = AppStore|iPhone
		{545C9C84-06F0-46FC-87C6-33E271240656}.Debug|Any CPU.ActiveCfg = Debug|iPhoneSimulator
		{545C9C84-06F0-46FC-87C6-33E271240656}.Debug|Any CPU.Build.0 = Debug|iPhoneSimulator
		{545C9C84-06F0-46FC-87C6-33E271240656}.Release|Any CPU.ActiveCfg = Release|iPhoneSimulator
		{545C9C84-06F0-46FC-87C6-33E271240656}.Release|Any CPU.Build.0 = Release|iPhoneSimulator
		{E9D9E35E-C172-4EBF-AB38-5176A683C504}.Debug|iPhoneSimulator.ActiveCfg = Debug|Any CPU
		{E9D9E35E-C172-4EBF-AB38-5176A683C504}.Debug|iPhoneSimulator.Build.0 = Debug|Any CPU
		{E9D9E35E-C172-4EBF-AB38-5176A683C504}.Release|iPhoneSimulator.ActiveCfg = Release|Any CPU
		{E9D9E35E-C172-4EBF-AB38-5176A683C504}.Release|iPhoneSimulator.Build.0 = Release|Any CPU
		{E9D9E35E-C172-4EBF-AB38-5176A683C504}.Debug|iPhone.ActiveCfg = Debug|Any CPU
		{E9D9E35E-C172-4EBF-AB38-5176A683C504}.Debug|iPhone.Build.0 = Debug|Any CPU
		{E9D9E35E-C172-4EBF-AB38-5176A683C504}.Release|iPhone.ActiveCfg = Release|Any CPU
		{E9D9E35E-C172-4EBF-AB38-5176A683C504}.Release|iPhone.Build.0 = Release|Any CPU
		{E9D9E35E-C172-4EBF-AB38-5176A683C504}.Ad-Hoc|iPhone.ActiveCfg = Release|Any CPU
		{E9D9E35E-C172-4EBF-AB38-5176A683C504}.Ad-Hoc|iPhone.Build.0 = Release|Any CPU
		{E9D9E35E-C172-4EBF-AB38-5176A683C504}.AppStore|iPhone.ActiveCfg = Release|Any CPU
		{E9D9E35E-C172-4EBF-AB38-5176A683C504}.AppStore|iPhone.Build.0 = Release|Any CPU
		{E9D9E35E-C172-4EBF-AB38-5176A683C504}.Debug|Any CPU.ActiveCfg = Debug|Any CPU
		{E9D9E35E-C172-4EBF-AB38-5176A683C504}.Debug|Any CPU.Build.0 = Debug|Any CPU
		{E9D9E35E-C172-4EBF-AB38-5176A683C504}.Release|Any CPU.ActiveCfg = Release|Any CPU
		{E9D9E35E-C172-4EBF-AB38-5176A683C504}.Release|Any CPU.Build.0 = Release|Any CPU
	EndGlobalSection
EndGlobal
